
Microsoft Visual Studio Solution File, Format Version 12.00
# Visual Studio Version 16
VisualStudioVersion = 16.0.30804.86
MinimumVisualStudioVersion = 10.0.40219.1
Project("{FAE04EC0-301F-11D3-BF4B-00C04F79EFBC}") = "Ecommerce", "Ecommerce\Ecommerce.csproj", "{B7F5B121-A0DC-48D8-AF56-4481F4AF8A29}"
EndProject
Project("{00D1A9C2-B5F0-4AF3-8072-F6C62B433612}") = "DBCommerce", "DBCommerce\DBCommerce.sqlproj", "{D684F396-71DD-45D0-A25A-B946E7672BC0}"
EndProject
Project("{FAE04EC0-301F-11D3-BF4B-00C04F79EFBC}") = "Commerce.DAL", "Commerce.DAL\Commerce.DAL.csproj", "{E446A97B-4966-428C-9497-F7C84EEE0EDE}"
EndProject
Project("{FAE04EC0-301F-11D3-BF4B-00C04F79EFBC}") = "Commerce.Entities", "Commerce.Entities\Commerce.Entities.csproj", "{E9E03A4E-7F99-4F97-BE3E-25BAF823E815}"
EndProject
Project("{FAE04EC0-301F-11D3-BF4B-00C04F79EFBC}") = "Commerce.Models", "Commerce.Models\Commerce.Models.csproj", "{2927EECD-B92C-497C-91FC-96EEF61A9889}"
EndProject
Project("{FAE04EC0-301F-11D3-BF4B-00C04F79EFBC}") = "Commerce.Repositories", "Commerce.Repositories\Commerce.Repositories.csproj", "{EE3B0069-24A9-4CFD-B8E9-459D9119680D}"
EndProject
Project("{FAE04EC0-301F-11D3-BF4B-00C04F79EFBC}") = "Tools", "Tools\Tools.csproj", "{84DCF3E1-3ED3-4F70-92DC-B88224610335}"
EndProject
Global
	GlobalSection(SolutionConfigurationPlatforms) = preSolution
		Debug|Any CPU = Debug|Any CPU
		Release|Any CPU = Release|Any CPU
	EndGlobalSection
	GlobalSection(ProjectConfigurationPlatforms) = postSolution
		{B7F5B121-A0DC-48D8-AF56-4481F4AF8A29}.Debug|Any CPU.ActiveCfg = Debug|Any CPU
		{B7F5B121-A0DC-48D8-AF56-4481F4AF8A29}.Debug|Any CPU.Build.0 = Debug|Any CPU
		{B7F5B121-A0DC-48D8-AF56-4481F4AF8A29}.Release|Any CPU.ActiveCfg = Release|Any CPU
		{B7F5B121-A0DC-48D8-AF56-4481F4AF8A29}.Release|Any CPU.Build.0 = Release|Any CPU
		{D684F396-71DD-45D0-A25A-B946E7672BC0}.Debug|Any CPU.ActiveCfg = Debug|Any CPU
		{D684F396-71DD-45D0-A25A-B946E7672BC0}.Debug|Any CPU.Build.0 = Debug|Any CPU
		{D684F396-71DD-45D0-A25A-B946E7672BC0}.Debug|Any CPU.Deploy.0 = Debug|Any CPU
		{D684F396-71DD-45D0-A25A-B946E7672BC0}.Release|Any CPU.ActiveCfg = Release|Any CPU
		{D684F396-71DD-45D0-A25A-B946E7672BC0}.Release|Any CPU.Build.0 = Release|Any CPU
		{D684F396-71DD-45D0-A25A-B946E7672BC0}.Release|Any CPU.Deploy.0 = Release|Any CPU
		{E446A97B-4966-428C-9497-F7C84EEE0EDE}.Debug|Any CPU.ActiveCfg = Debug|Any CPU
		{E446A97B-4966-428C-9497-F7C84EEE0EDE}.Debug|Any CPU.Build.0 = Debug|Any CPU
		{E446A97B-4966-428C-9497-F7C84EEE0EDE}.Release|Any CPU.ActiveCfg = Release|Any CPU
		{E446A97B-4966-428C-9497-F7C84EEE0EDE}.Release|Any CPU.Build.0 = Release|Any CPU
		{E9E03A4E-7F99-4F97-BE3E-25BAF823E815}.Debug|Any CPU.ActiveCfg = Debug|Any CPU
		{E9E03A4E-7F99-4F97-BE3E-25BAF823E815}.Debug|Any CPU.Build.0 = Debug|Any CPU
		{E9E03A4E-7F99-4F97-BE3E-25BAF823E815}.Release|Any CPU.ActiveCfg = Release|Any CPU
		{E9E03A4E-7F99-4F97-BE3E-25BAF823E815}.Release|Any CPU.Build.0 = Release|Any CPU
		{2927EECD-B92C-497C-91FC-96EEF61A9889}.Debug|Any CPU.ActiveCfg = Debug|Any CPU
		{2927EECD-B92C-497C-91FC-96EEF61A9889}.Debug|Any CPU.Build.0 = Debug|Any CPU
		{2927EECD-B92C-497C-91FC-96EEF61A9889}.Release|Any CPU.ActiveCfg = Release|Any CPU
		{2927EECD-B92C-497C-91FC-96EEF61A9889}.Release|Any CPU.Build.0 = Release|Any CPU
		{EE3B0069-24A9-4CFD-B8E9-459D9119680D}.Debug|Any CPU.ActiveCfg = Debug|Any CPU
		{EE3B0069-24A9-4CFD-B8E9-459D9119680D}.Debug|Any CPU.Build.0 = Debug|Any CPU
		{EE3B0069-24A9-4CFD-B8E9-459D9119680D}.Release|Any CPU.ActiveCfg = Release|Any CPU
		{EE3B0069-24A9-4CFD-B8E9-459D9119680D}.Release|Any CPU.Build.0 = Release|Any CPU
		{84DCF3E1-3ED3-4F70-92DC-B88224610335}.Debug|Any CPU.ActiveCfg = Debug|Any CPU
		{84DCF3E1-3ED3-4F70-92DC-B88224610335}.Debug|Any CPU.Build.0 = Debug|Any CPU
		{84DCF3E1-3ED3-4F70-92DC-B88224610335}.Release|Any CPU.ActiveCfg = Release|Any CPU
		{84DCF3E1-3ED3-4F70-92DC-B88224610335}.Release|Any CPU.Build.0 = Release|Any CPU
	EndGlobalSection
	GlobalSection(SolutionProperties) = preSolution
		HideSolutionNode = FALSE
	EndGlobalSection
	GlobalSection(ExtensibilityGlobals) = postSolution
		SolutionGuid = {ACCA18BA-7893-457E-95BD-1091A3A38DF8}
	EndGlobalSection
EndGlobal
